// !$*UTF8*$!
{
	archiveVersion = 1;
	classes = {
	};
	objectVersion = 46;
	objects = {

/* Begin PBXBuildFile section */
		F6B3D8AF1F4F115D0072062C /* AppDelegate.swift in Sources */ = {isa = PBXBuildFile; fileRef = F6B3D8AE1F4F115D0072062C /* AppDelegate.swift */; };
		F6B3D8B11F4F115D0072062C /* ViewController.swift in Sources */ = {isa = PBXBuildFile; fileRef = F6B3D8B01F4F115D0072062C /* ViewController.swift */; };
		F6B3D8B41F4F115D0072062C /* Main.storyboard in Resources */ = {isa = PBXBuildFile; fileRef = F6B3D8B21F4F115D0072062C /* Main.storyboard */; };
		F6B3D8B61F4F115D0072062C /* Assets.xcassets in Resources */ = {isa = PBXBuildFile; fileRef = F6B3D8B51F4F115D0072062C /* Assets.xcassets */; };
		F6B3D8B91F4F115D0072062C /* LaunchScreen.storyboard in Resources */ = {isa = PBXBuildFile; fileRef = F6B3D8B71F4F115D0072062C /* LaunchScreen.storyboard */; };
		F6B3D8C11F4F15EC0072062C /* TableViewCell.swift in Sources */ = {isa = PBXBuildFile; fileRef = F6B3D8C01F4F15EC0072062C /* TableViewCell.swift */; };
		F6B3D8C31F4F17B70072062C /* DelayButton.swift in Sources */ = {isa = PBXBuildFile; fileRef = F6B3D8C21F4F17B70072062C /* DelayButton.swift */; };
		F6B3D8C51F4F19FC0072062C /* DownloadRecipt.swift in Sources */ = {isa = PBXBuildFile; fileRef = F6B3D8C41F4F19FC0072062C /* DownloadRecipt.swift */; };
/* End PBXBuildFile section */

/* Begin PBXFileReference section */
		F6B3D8AB1F4F115D0072062C /* downloadDemo.app */ = {isa = PBXFileReference; explicitFileType = wrapper.application; includeInIndex = 0; path = downloadDemo.app; sourceTree = BUILT_PRODUCTS_DIR; };
		F6B3D8AE1F4F115D0072062C /* AppDelegate.swift */ = {isa = PBXFileReference; lastKnownFileType = sourcecode.swift; path = AppDelegate.swift; sourceTree = "<group>"; };
		F6B3D8B01F4F115D0072062C /* ViewController.swift */ = {isa = PBXFileReference; lastKnownFileType = sourcecode.swift; path = ViewController.swift; sourceTree = "<group>"; };
		F6B3D8B31F4F115D0072062C /* Base */ = {isa = PBXFileReference; lastKnownFileType = file.storyboard; name = Base; path = Base.lproj/Main.storyboard; sourceTree = "<group>"; };
		F6B3D8B51F4F115D0072062C /* Assets.xcassets */ = {isa = PBXFileReference; lastKnownFileType = folder.assetcatalog; path = Assets.xcassets; sourceTree = "<group>"; };
		F6B3D8B81F4F115D0072062C /* Base */ = {isa = PBXFileReference; lastKnownFileType = file.storyboard; name = Base; path = Base.lproj/LaunchScreen.storyboard; sourceTree = "<group>"; };
		F6B3D8BA1F4F115D0072062C /* Info.plist */ = {isa = PBXFileReference; lastKnownFileType = text.plist.xml; path = Info.plist; sourceTree = "<group>"; };
		F6B3D8C01F4F15EC0072062C /* TableViewCell.swift */ = {isa = PBXFileReference; fileEncoding = 4; lastKnownFileType = sourcecode.swift; path = TableViewCell.swift; sourceTree = "<group>"; };
		F6B3D8C21F4F17B70072062C /* DelayButton.swift */ = {isa = PBXFileReference; fileEncoding = 4; lastKnownFileType = sourcecode.swift; path = DelayButton.swift; sourceTree = "<group>"; };
		F6B3D8C41F4F19FC0072062C /* DownloadRecipt.swift */ = {isa = PBXFileReference; fileEncoding = 4; lastKnownFileType = sourcecode.swift; path = DownloadRecipt.swift; sourceTree = "<group>"; };
/* End PBXFileReference section */

/* Begin PBXFrameworksBuildPhase section */
		F6B3D8A81F4F115D0072062C /* Frameworks */ = {
			isa = PBXFrameworksBuildPhase;
			buildActionMask = 2147483647;
			files = (
			);
			runOnlyForDeploymentPostprocessing = 0;
		};
/* End PBXFrameworksBuildPhase section */

/* Begin PBXGroup section */
		F6B3D8A21F4F115D0072062C = {
			isa = PBXGroup;
			children = (
				F6B3D8AD1F4F115D0072062C /* downloadDemo */,
				F6B3D8AC1F4F115D0072062C /* Products */,
			);
			sourceTree = "<group>";
		};
		F6B3D8AC1F4F115D0072062C /* Products */ = {
			isa = PBXGroup;
			children = (
				F6B3D8AB1F4F115D0072062C /* downloadDemo.app */,
			);
			name = Products;
			sourceTree = "<group>";
		};
		F6B3D8AD1F4F115D0072062C /* downloadDemo */ = {
			isa = PBXGroup;
			children = (
				F6B3D8AE1F4F115D0072062C /* AppDelegate.swift */,
				F6B3D8B01F4F115D0072062C /* ViewController.swift */,
				F6B3D8B21F4F115D0072062C /* Main.storyboard */,
				F6B3D8C01F4F15EC0072062C /* TableViewCell.swift */,
				F6B3D8C21F4F17B70072062C /* DelayButton.swift */,
				F6B3D8C41F4F19FC0072062C /* DownloadRecipt.swift */,
				F6B3D8B51F4F115D0072062C /* Assets.xcassets */,
				F6B3D8B71F4F115D0072062C /* LaunchScreen.storyboard */,
				F6B3D8BA1F4F115D0072062C /* Info.plist */,
			);
			path = downloadDemo;
			sourceTree = "<group>";
		};
/* End PBXGroup section */

/* Begin PBXNativeTarget section */
		F6B3D8AA1F4F115D0072062C /* downloadDemo */ = {
			isa = PBXNativeTarget;
			buildConfigurationList = F6B3D8BD1F4F115D0072062C /* Build configuration list for PBXNativeTarget "downloadDemo" */;
			buildPhases = (
				F6B3D8A71F4F115D0072062C /* Sources */,
				F6B3D8A81F4F115D0072062C /* Frameworks */,
				F6B3D8A91F4F115D0072062C /* Resources */,
			);
			buildRules = (
			);
			dependencies = (
			);
			name = downloadDemo;
			productName = downloadDemo;
			productReference = F6B3D8AB1F4F115D0072062C /* downloadDemo.app */;
			productType = "com.apple.product-type.application";
		};
/* End PBXNativeTarget section */

/* Begin PBXProject section */
		F6B3D8A31F4F115D0072062C /* Project object */ = {
			isa = PBXProject;
			attributes = {
				LastSwiftUpdateCheck = 0830;
				LastUpgradeCheck = 0830;
				ORGANIZATIONNAME = stan;
				TargetAttributes = {
					F6B3D8AA1F4F115D0072062C = {
						CreatedOnToolsVersion = 8.3.3;
						DevelopmentTeam = 52L44JBJWT;
						ProvisioningStyle = Automatic;
					};
				};
			};
			buildConfigurationList = F6B3D8A61F4F115D0072062C /* Build configuration list for PBXProject "downloadDemo" */;
			compatibilityVersion = "Xcode 3.2";
			developmentRegion = English;
			hasScannedForEncodings = 0;
			knownRegions = (
				en,
				Base,
			);
			mainGroup = F6B3D8A21F4F115D0072062C;
			productRefGroup = F6B3D8AC1F4F115D0072062C /* Products */;
			projectDirPath = "";
			projectRoot = "";
			targets = (
				F6B3D8AA1F4F115D0072062C /* downloadDemo */,
			);
		};
/* End PBXProject section */

/* Begin PBXResourcesBuildPhase section */
		F6B3D8A91F4F115D0072062C /* Resources */ = {
			isa = PBXResourcesBuildPhase;
			buildActionMask = 2147483647;
			files = (
				F6B3D8B91F4F115D0072062C /* LaunchScreen.storyboard in Resources */,
				F6B3D8B61F4F115D0072062C /* Assets.xcassets in Resources */,
				F6B3D8B41F4F115D0072062C /* Main.storyboard in Resources */,
			);
			runOnlyForDeploymentPostprocessing = 0;
		};
/* End PBXResourcesBuildPhase section */

/* Begin PBXSourcesBuildPhase section */
		F6B3D8A71F4F115D0072062C /* Sources */ = {
			isa = PBXSourcesBuildPhase;
			buildActionMask = 2147483647;
			files = (
				F6B3D8C51F4F19FC0072062C /* DownloadRecipt.swift in Sources */,
				F6B3D8C11F4F15EC0072062C /* TableViewCell.swift in Sources */,
				F6B3D8B11F4F115D0072062C /* ViewController.swift in Sources */,
				F6B3D8AF1F4F115D0072062C /* AppDelegate.swift in Sources */,
				F6B3D8C31F4F17B70072062C /* DelayButton.swift in Sources */,
			);
			runOnlyForDeploymentPostprocessing = 0;
		};
/* End PBXSourcesBuildPhase section */

/* Begin PBXVariantGroup section */
		F6B3D8B21F4F115D0072062C /* Main.storyboard */ = {
			isa = PBXVariantGroup;
			children = (
				F6B3D8B31F4F115D0072062C /* Base */,
			);
			name = Main.storyboard;
			sourceTree = "<group>";
		};
		F6B3D8B71F4F115D0072062C /* LaunchScreen.storyboard */ = {
			isa = PBXVariantGroup;
			children = (
				F6B3D8B81F4F115D0072062C /* Base */,
			);
			name = LaunchScreen.storyboard;
			sourceTree = "<group>";
		};
/* End PBXVariantGroup section */

/* Begin XCBuildConfiguration section */
		F6B3D8BB1F4F115D0072062C /* Debug */ = {
			isa = XCBuildConfiguration;
			buildSettings = {
				ALWAYS_SEARCH_USER_PATHS = NO;
				CLANG_ANALYZER_NONNULL = YES;
				CLANG_ANALYZER_NUMBER_OBJECT_CONVERSION = YES_AGGRESSIVE;
				CLANG_CXX_LANGUAGE_STANDARD = "gnu++0x";
				CLANG_CXX_LIBRARY = "libc++";
				CLANG_ENABLE_MODULES = YES;
				CLANG_ENABLE_OBJC_ARC = YES;
				CLANG_WARN_BOOL_CONVERSION = YES;
				CLANG_WARN_CONSTANT_CONVERSION = YES;
				CLANG_WARN_DIRECT_OBJC_ISA_USAGE = YES_ERROR;
				CLANG_WARN_DOCUMENTATION_COMMENTS = YES;
				CLANG_WARN_EMPTY_BODY = YES;
				CLANG_WARN_ENUM_CONVERSION = YES;
				CLANG_WARN_INFINITE_RECURSION = YES;
				CLANG_WARN_INT_CONVERSION = YES;
				CLANG_WARN_OBJC_ROOT_CLASS = YES_ERROR;
				CLANG_WARN_SUSPICIOUS_MOVE = YES;
				CLANG_WARN_UNREACHABLE_CODE = YES;
				CLANG_WARN__DUPLICATE_METHOD_MATCH = YES;
				"CODE_SIGN_IDENTITY[sdk=iphoneos*]" = "iPhone Developer";
				COPY_PHASE_STRIP = NO;
				DEBUG_INFORMATION_FORMAT = dwarf;
				ENABLE_STRICT_OBJC_MSGSEND = YES;
				ENABLE_TESTABILITY = YES;
				GCC_C_LANGUAGE_STANDARD = gnu99;
				GCC_DYNAMIC_NO_PIC = NO;
				GCC_NO_COMMON_BLOCKS = YES;
				GCC_OPTIMIZATION_LEVEL = 0;
				GCC_PREPROCESSOR_DEFINITIONS = (
					"DEBUG=1",
					"$(inherited)",
				);
				GCC_WARN_64_TO_32_BIT_CONVERSION = YES;
				GCC_WARN_ABOUT_RETURN_TYPE = YES_ERROR;
				GCC_WARN_UNDECLARED_SELECTOR = YES;
				GCC_WARN_UNINITIALIZED_AUTOS = YES_AGGRESSIVE;
				GCC_WARN_UNUSED_FUNCTION = YES;
				GCC_WARN_UNUSED_VARIABLE = YES;
				IPHONEOS_DEPLOYMENT_TARGET = 10.3;
				MTL_ENABLE_DEBUG_INFO = YES;
				ONLY_ACTIVE_ARCH = YES;
				SDKROOT = iphoneos;
				SWIFT_ACTIVE_COMPILATION_CONDITIONS = DEBUG;
				SWIFT_OPTIMIZATION_LEVEL = "-Onone";
			};
			name = Debug;
		};
		F6B3D8BC1F4F115D0072062C /* Release */ = {
			isa = XCBuildConfiguration;
			buildSettings = {
				ALWAYS_SEARCH_USER_PATHS = NO;
				CLANG_ANALYZER_NONNULL = YES;
				CLANG_ANALYZER_NUMBER_OBJECT_CONVERSION = YES_AGGRESSIVE;
				CLANG_CXX_LANGUAGE_STANDARD = "gnu++0x";
				CLANG_CXX_LIBRARY = "libc++";
				CLANG_ENABLE_MODULES = YES;
				CLANG_ENABLE_OBJC_ARC = YES;
				CLANG_WARN_BOOL_CONVERSION = YES;
				CLANG_WARN_CONSTANT_CONVERSION = YES;
				CLANG_WARN_DIRECT_OBJC_ISA_USAGE = YES_ERROR;
				CLANG_WARN_DOCUMENTATION_COMMENTS = YES;
				CLANG_WARN_EMPTY_BODY = YES;
				CLANG_WARN_ENUM_CONVERSION = YES;
				CLANG_WARN_INFINITE_RECURSION = YES;
				CLANG_WARN_INT_CONVERSION = YES;
				CLANG_WARN_OBJC_ROOT_CLASS = YES_ERROR;
				CLANG_WARN_SUSPICIOUS_MOVE = YES;
				CLANG_WARN_UNREACHABLE_CODE = YES;
				CLANG_WARN__DUPLICATE_METHOD_MATCH = YES;
				"CODE_SIGN_IDENTITY[sdk=iphoneos*]" = "iPhone Developer";
				COPY_PHASE_STRIP = NO;
				DEBUG_INFORMATION_FORMAT = "dwarf-with-dsym";
				ENABLE_NS_ASSERTIONS = NO;
				ENABLE_STRICT_OBJC_MSGSEND = YES;
				GCC_C_LANGUAGE_STANDARD = gnu99;
				GCC_NO_COMMON_BLOCKS = YES;
				GCC_WARN_64_TO_32_BIT_CONVERSION = YES;
				GCC_WARN_ABOUT_RETURN_TYPE = YES_ERROR;
				GCC_WARN_UNDECLARED_SELECTOR = YES;
				GCC_WARN_UNINITIALIZED_AUTOS = YES_AGGRESSIVE;
				GCC_WARN_UNUSED_FUNCTION = YES;
				GCC_WARN_UNUSED_VARIABLE = YES;
				IPHONEOS_DEPLOYMENT_TARGET = 10.3;
				MTL_ENABLE_DEBUG_INFO = NO;
				SDKROOT = iphoneos;
				SWIFT_OPTIMIZATION_LEVEL = "-Owholemodule";
				VALIDATE_PRODUCT = YES;
			};
			name = Release;
		};
		F6B3D8BE1F4F115D0072062C /* Debug */ = {
			isa = XCBuildConfiguration;
			buildSettings = {
				ASSETCATALOG_COMPILER_APPICON_NAME = AppIcon;
				DEVELOPMENT_TEAM = 52L44JBJWT;
				INFOPLIST_FILE = downloadDemo/Info.plist;
				IPHONEOS_DEPLOYMENT_TARGET = 9.0;
				LD_RUNPATH_SEARCH_PATHS = "$(inherited) @executable_path/Frameworks";
				PRODUCT_BUNDLE_IDENTIFIER = com.byeonline.app.newhandbook.downloadDemo;
				PRODUCT_NAME = "$(TARGET_NAME)";
				SWIFT_VERSION = 3.0;
			};
			name = Debug;
		};
		F6B3D8BF1F4F115D0072062C /* Release */ = {
			isa = XCBuildConfiguration;
			buildSettings = {
				ASSETCATALOG_COMPILER_APPICON_NAME = AppIcon;
				DEVELOPMENT_TEAM = 52L44JBJWT;
				INFOPLIST_FILE = downloadDemo/Info.plist;
				IPHONEOS_DEPLOYMENT_TARGET = 9.0;
				LD_RUNPATH_SEARCH_PATHS = "$(inherited) @executable_path/Frameworks";
				PRODUCT_BUNDLE_IDENTIFIER = com.byeonline.app.newhandbook.downloadDemo;
				PRODUCT_NAME = "$(TARGET_NAME)";
				SWIFT_VERSION = 3.0;
			};
			name = Release;
		};
/* End XCBuildConfiguration section */

/* Begin XCConfigurationList section */
		F6B3D8A61F4F115D0072062C /* Build configuration list for PBXProject "downloadDemo" */ = {
			isa = XCConfigurationList;
			buildConfigurations = (
				F6B3D8BB1F4F115D0072062C /* Debug */,
				F6B3D8BC1F4F115D0072062C /* Release */,
			);
			defaultConfigurationIsVisible = 0;
			defaultConfigurationName = Release;
		};
		F6B3D8BD1F4F115D0072062C /* Build configuration list for PBXNativeTarget "downloadDemo" */ = {
			isa = XCConfigurationList;
			buildConfigurations = (
				F6B3D8BE1F4F115D0072062C /* Debug */,
				F6B3D8BF1F4F115D0072062C /* Release */,
			);
			defaultConfigurationIsVisible = 0;
		};
/* End XCConfigurationList section */
	};
	rootObject = F6B3D8A31F4F115D0072062C /* Project object */;
}
